{
  "lockfile_version": "1",
  "packages": {
    "argocd@latest": {
      "last_modified": "2025-03-23T05:31:05Z",
      "resolved": "github:NixOS/nixpkgs/dd613136ee91f67e5dba3f3f41ac99ae89c5406b#argocd",
      "source": "devbox-search",
      "version": "2.14.7",
      "systems": {
        "aarch64-darwin": {
          "outputs": [
            {
              "name": "out",
              "path": "/nix/store/a3ayq04brh76r8xqvc0svrgsvw3ik49q-argocd-2.14.7",
              "default": true
            }
          ],
          "store_path": "/nix/store/a3ayq04brh76r8xqvc0svrgsvw3ik49q-argocd-2.14.7"
        },
        "aarch64-linux": {
          "outputs": [
            {
              "name": "out",
              "path": "/nix/store/c17irs6cxbqm0323q36amzyxqchdq97z-argocd-2.14.7",
              "default": true
            }
          ],
          "store_path": "/nix/store/c17irs6cxbqm0323q36amzyxqchdq97z-argocd-2.14.7"
        },
        "x86_64-darwin": {
          "outputs": [
            {
              "name": "out",
              "path": "/nix/store/zqkar9yb23hh45h0apznm1va5wyir0b2-argocd-2.14.7",
              "default": true
            }
          ],
          "store_path": "/nix/store/zqkar9yb23hh45h0apznm1va5wyir0b2-argocd-2.14.7"
        },
        "x86_64-linux": {
          "outputs": [
            {
              "name": "out",
              "path": "/nix/store/zwij205sk24h4nw5yp9d7g9labjjhqma-argocd-2.14.7",
              "default": true
            }
          ],
          "store_path": "/nix/store/zwij205sk24h4nw5yp9d7g9labjjhqma-argocd-2.14.7"
        }
      }
    },
    "github:NixOS/nixpkgs/nixpkgs-unstable": {
      "resolved": "github:NixOS/nixpkgs/507b63021ada5fee621b6ca371c4fca9ca46f52c?lastModified=1745377448&narHash=sha256-jhZDfXVKdD7TSEGgzFJQvEEZ2K65UMiqW5YJ2aIqxMA%3D"
    },
    "okteto@latest": {
      "last_modified": "2025-03-11T17:52:14Z",
      "resolved": "github:NixOS/nixpkgs/0d534853a55b5d02a4ababa1d71921ce8f0aee4c#okteto",
      "source": "devbox-search",
      "version": "3.4.0",
      "systems": {
        "aarch64-darwin": {
          "outputs": [
            {
              "name": "out",
              "path": "/nix/store/r657w6n4l4iv159l75plbim3pnx9yvvm-okteto-3.4.0",
              "default": true
            }
          ],
          "store_path": "/nix/store/r657w6n4l4iv159l75plbim3pnx9yvvm-okteto-3.4.0"
        },
        "aarch64-linux": {
          "outputs": [
            {
              "name": "out",
              "path": "/nix/store/gs8yziw740j8w6ln925i4jk5a6cn98xb-okteto-3.4.0",
              "default": true
            }
          ],
          "store_path": "/nix/store/gs8yziw740j8w6ln925i4jk5a6cn98xb-okteto-3.4.0"
        },
        "x86_64-darwin": {
          "outputs": [
            {
              "name": "out",
              "path": "/nix/store/mwbw8vvc5ympig4xs50cdafmzms64hja-okteto-3.4.0",
              "default": true
            }
          ],
          "store_path": "/nix/store/mwbw8vvc5ympig4xs50cdafmzms64hja-okteto-3.4.0"
        },
        "x86_64-linux": {
          "outputs": [
            {
              "name": "out",
              "path": "/nix/store/qkl4zksxshbj4jn6lxp4369lxz20xi4h-okteto-3.4.0",
              "default": true
            }
          ],
          "store_path": "/nix/store/qkl4zksxshbj4jn6lxp4369lxz20xi4h-okteto-3.4.0"
        }
      }
    },
    "uv@latest": {
      "last_modified": "2025-04-10T20:20:34Z",
      "resolved": "github:NixOS/nixpkgs/d19cf9dfc633816a437204555afeb9e722386b76#uv",
      "source": "devbox-search",
      "version": "0.6.14",
      "systems": {
        "aarch64-darwin": {
          "outputs": [
            {
              "name": "out",
              "path": "/nix/store/9f492dxkf4qkvkr0n950xphmqjh29pwk-uv-0.6.14",
              "default": true
            }
          ],
          "store_path": "/nix/store/9f492dxkf4qkvkr0n950xphmqjh29pwk-uv-0.6.14"
        },
        "aarch64-linux": {
          "outputs": [
            {
              "name": "out",
              "path": "/nix/store/ana816flfaf6sh76h9xswphq9lyb0iv6-uv-0.6.14",
              "default": true
            }
          ],
          "store_path": "/nix/store/ana816flfaf6sh76h9xswphq9lyb0iv6-uv-0.6.14"
        },
        "x86_64-darwin": {
          "outputs": [
            {
              "name": "out",
              "path": "/nix/store/z6mxd485vrkyxdw57zlldmsqahpqfsi6-uv-0.6.14",
              "default": true
            }
          ],
          "store_path": "/nix/store/z6mxd485vrkyxdw57zlldmsqahpqfsi6-uv-0.6.14"
        },
        "x86_64-linux": {
          "outputs": [
            {
              "name": "out",
              "path": "/nix/store/z4ld2kivcl6hmj4k8i5x7wbfmmsfyvm2-uv-0.6.14",
              "default": true
            }
          ],
          "store_path": "/nix/store/z4ld2kivcl6hmj4k8i5x7wbfmmsfyvm2-uv-0.6.14"
        }
      }
    }
  }
}
